
Microsoft Visual Studio Solution File, Format Version 12.00
# Visual Studio Version 17
VisualStudioVersion = 17.8.34309.116
MinimumVisualStudioVersion = 10.0.40219.1
Project("{9A19103F-16F7-4668-BE54-9A1E7A4F7556}") = "CRM", "CRM\CRM.csproj", "{AC08C45F-3926-465F-B17A-09E5D26AA100}"
EndProject
Project("{9A19103F-16F7-4668-BE54-9A1E7A4F7556}") = "CRM.Client", "CRM.Client\CRM.Client.csproj", "{DF8E0710-4710-4FA5-905B-0494E3E3051C}"
EndProject
Project("{9A19103F-16F7-4668-BE54-9A1E7A4F7556}") = "CRM.DataAccess", "CRM.DataAccess\CRM.DataAccess.csproj", "{4CCAF2CF-4AAC-4E55-804E-54AD9F123B39}"
EndProject
Project("{9A19103F-16F7-4668-BE54-9A1E7A4F7556}") = "CRM.DataObjects", "CRM.DataObjects\CRM.DataObjects.csproj", "{3DF897AB-E5ED-42FD-869F-E071F1537C71}"
EndProject
Project("{9A19103F-16F7-4668-BE54-9A1E7A4F7556}") = "CRM.EFModels", "CRM.EFModels\CRM.EFModels.csproj", "{6631DCE7-75DC-4044-936C-36D2F527380C}"
EndProject
Project("{2150E333-8FDC-42A3-9474-1A3956D46DE8}") = "Solution Items", "Solution Items", "{9C1DB5D4-22EA-4368-A5BC-04C7157D0665}"
	ProjectSection(SolutionItems) = preProject
		.editorconfig = .editorconfig
		.gitignore = .gitignore
		LICENSE = LICENSE
		README.md = README.md
		Rename FreeCRM.exe = Rename FreeCRM.exe
	EndProjectSection
EndProject
Project("{9A19103F-16F7-4668-BE54-9A1E7A4F7556}") = "CRM.Plugins", "CRM.Plugins\CRM.Plugins.csproj", "{A3796CA0-CA85-46AF-A0DE-7641736C95B9}"
EndProject
Global
	GlobalSection(SolutionConfigurationPlatforms) = preSolution
		Debug|Any CPU = Debug|Any CPU
		Release|Any CPU = Release|Any CPU
	EndGlobalSection
	GlobalSection(ProjectConfigurationPlatforms) = postSolution
		{AC08C45F-3926-465F-B17A-09E5D26AA100}.Debug|Any CPU.ActiveCfg = Debug|Any CPU
		{AC08C45F-3926-465F-B17A-09E5D26AA100}.Debug|Any CPU.Build.0 = Debug|Any CPU
		{AC08C45F-3926-465F-B17A-09E5D26AA100}.Release|Any CPU.ActiveCfg = Release|Any CPU
		{AC08C45F-3926-465F-B17A-09E5D26AA100}.Release|Any CPU.Build.0 = Release|Any CPU
		{DF8E0710-4710-4FA5-905B-0494E3E3051C}.Debug|Any CPU.ActiveCfg = Debug|Any CPU
		{DF8E0710-4710-4FA5-905B-0494E3E3051C}.Debug|Any CPU.Build.0 = Debug|Any CPU
		{DF8E0710-4710-4FA5-905B-0494E3E3051C}.Release|Any CPU.ActiveCfg = Release|Any CPU
		{DF8E0710-4710-4FA5-905B-0494E3E3051C}.Release|Any CPU.Build.0 = Release|Any CPU
		{4CCAF2CF-4AAC-4E55-804E-54AD9F123B39}.Debug|Any CPU.ActiveCfg = Debug|Any CPU
		{4CCAF2CF-4AAC-4E55-804E-54AD9F123B39}.Debug|Any CPU.Build.0 = Debug|Any CPU
		{4CCAF2CF-4AAC-4E55-804E-54AD9F123B39}.Release|Any CPU.ActiveCfg = Release|Any CPU
		{4CCAF2CF-4AAC-4E55-804E-54AD9F123B39}.Release|Any CPU.Build.0 = Release|Any CPU
		{3DF897AB-E5ED-42FD-869F-E071F1537C71}.Debug|Any CPU.ActiveCfg = Debug|Any CPU
		{3DF897AB-E5ED-42FD-869F-E071F1537C71}.Debug|Any CPU.Build.0 = Debug|Any CPU
		{3DF897AB-E5ED-42FD-869F-E071F1537C71}.Release|Any CPU.ActiveCfg = Release|Any CPU
		{3DF897AB-E5ED-42FD-869F-E071F1537C71}.Release|Any CPU.Build.0 = Release|Any CPU
		{6631DCE7-75DC-4044-936C-36D2F527380C}.Debug|Any CPU.ActiveCfg = Debug|Any CPU
		{6631DCE7-75DC-4044-936C-36D2F527380C}.Debug|Any CPU.Build.0 = Debug|Any CPU
		{6631DCE7-75DC-4044-936C-36D2F527380C}.Release|Any CPU.ActiveCfg = Release|Any CPU
		{6631DCE7-75DC-4044-936C-36D2F527380C}.Release|Any CPU.Build.0 = Release|Any CPU
		{A3796CA0-CA85-46AF-A0DE-7641736C95B9}.Debug|Any CPU.ActiveCfg = Debug|Any CPU
		{A3796CA0-CA85-46AF-A0DE-7641736C95B9}.Debug|Any CPU.Build.0 = Debug|Any CPU
		{A3796CA0-CA85-46AF-A0DE-7641736C95B9}.Release|Any CPU.ActiveCfg = Release|Any CPU
		{A3796CA0-CA85-46AF-A0DE-7641736C95B9}.Release|Any CPU.Build.0 = Release|Any CPU
	EndGlobalSection
	GlobalSection(SolutionProperties) = preSolution
		HideSolutionNode = FALSE
	EndGlobalSection
	GlobalSection(ExtensibilityGlobals) = postSolution
		SolutionGuid = {C4A59AD0-92A7-475D-A3BC-51E982A9C0FA}
	EndGlobalSection
EndGlobal
